
Microsoft Visual Studio Solution File, Format Version 12.00
# Visual Studio Version 16
VisualStudioVersion = 16.0.31624.102
MinimumVisualStudioVersion = 10.0.40219.1
Project("{FAE04EC0-301F-11D3-BF4B-00C04F79EFBC}") = "LandonWebsite06", "LandonWebsite06\LandonWebsite06.csproj", "{ECAD3718-675C-489F-9AF4-76F665ED29EC}"
EndProject
Global
	GlobalSection(SolutionConfigurationPlatforms) = preSolution
		Debug|Any CPU = Debug|Any CPU
		Release|Any CPU = Release|Any CPU
	EndGlobalSection
	GlobalSection(ProjectConfigurationPlatforms) = postSolution
		{ECAD3718-675C-489F-9AF4-76F665ED29EC}.Debug|Any CPU.ActiveCfg = Debug|Any CPU
		{ECAD3718-675C-489F-9AF4-76F665ED29EC}.Debug|Any CPU.Build.0 = Debug|Any CPU
		{ECAD3718-675C-489F-9AF4-76F665ED29EC}.Release|Any CPU.ActiveCfg = Release|Any CPU
		{ECAD3718-675C-489F-9AF4-76F665ED29EC}.Release|Any CPU.Build.0 = Release|Any CPU
	EndGlobalSection
	GlobalSection(SolutionProperties) = preSolution
		HideSolutionNode = FALSE
	EndGlobalSection
	GlobalSection(ExtensibilityGlobals) = postSolution
		SolutionGuid = {D7CF4059-D843-4DB9-8FF1-E82D05B191E8}
	EndGlobalSection
EndGlobal
